// !$*UTF8*$!
{
	archiveVersion = 1;
	classes = {
	};
	objectVersion = 50;
	objects = {

/* Begin PBXBuildFile section */
		CFAF386626DE65C0009B68E2 /* AppDelegate.swift in Sources */ = {isa = PBXBuildFile; fileRef = CFAF386526DE65C0009B68E2 /* AppDelegate.swift */; };
		CFAF386826DE65C0009B68E2 /* SceneDelegate.swift in Sources */ = {isa = PBXBuildFile; fileRef = CFAF386726DE65C0009B68E2 /* SceneDelegate.swift */; };
		CFAF386A26DE65C0009B68E2 /* ViewController.swift in Sources */ = {isa = PBXBuildFile; fileRef = CFAF386926DE65C0009B68E2 /* ViewController.swift */; };
		CFAF386D26DE65C0009B68E2 /* Main.storyboard in Resources */ = {isa = PBXBuildFile; fileRef = CFAF386B26DE65C0009B68E2 /* Main.storyboard */; };
		CFAF386F26DE65C5009B68E2 /* Assets.xcassets in Resources */ = {isa = PBXBuildFile; fileRef = CFAF386E26DE65C5009B68E2 /* Assets.xcassets */; };
		CFAF387226DE65C5009B68E2 /* LaunchScreen.storyboard in Resources */ = {isa = PBXBuildFile; fileRef = CFAF387026DE65C5009B68E2 /* LaunchScreen.storyboard */; };
		CFAF387D26DE65C5009B68E2 /* ToDoAppTests.swift in Sources */ = {isa = PBXBuildFile; fileRef = CFAF387C26DE65C5009B68E2 /* ToDoAppTests.swift */; };
		CFAF388826DE65C5009B68E2 /* ToDoAppUITests.swift in Sources */ = {isa = PBXBuildFile; fileRef = CFAF388726DE65C5009B68E2 /* ToDoAppUITests.swift */; };
		CFAF38A326DE67A4009B68E2 /* TaskTests.swift in Sources */ = {isa = PBXBuildFile; fileRef = CFAF38A226DE67A4009B68E2 /* TaskTests.swift */; };
		CFAF38AC26DE6870009B68E2 /* Task.swift in Sources */ = {isa = PBXBuildFile; fileRef = CFAF38AB26DE6870009B68E2 /* Task.swift */; };
		CFAF38B126DE6CC3009B68E2 /* Location.swift in Sources */ = {isa = PBXBuildFile; fileRef = CFAF38B026DE6CC3009B68E2 /* Location.swift */; };
		CFAF38B626DE6E15009B68E2 /* LocationTests.swift in Sources */ = {isa = PBXBuildFile; fileRef = CFAF38B526DE6E15009B68E2 /* LocationTests.swift */; };
/* End PBXBuildFile section */

/* Begin PBXContainerItemProxy section */
		CFAF387926DE65C5009B68E2 /* PBXContainerItemProxy */ = {
			isa = PBXContainerItemProxy;
			containerPortal = CFAF385A26DE65C0009B68E2 /* Project object */;
			proxyType = 1;
			remoteGlobalIDString = CFAF386126DE65C0009B68E2;
			remoteInfo = ToDoApp;
		};
		CFAF388426DE65C5009B68E2 /* PBXContainerItemProxy */ = {
			isa = PBXContainerItemProxy;
			containerPortal = CFAF385A26DE65C0009B68E2 /* Project object */;
			proxyType = 1;
			remoteGlobalIDString = CFAF386126DE65C0009B68E2;
			remoteInfo = ToDoApp;
		};
/* End PBXContainerItemProxy section */

/* Begin PBXFileReference section */
		CFAF386226DE65C0009B68E2 /* ToDoApp.app */ = {isa = PBXFileReference; explicitFileType = wrapper.application; includeInIndex = 0; path = ToDoApp.app; sourceTree = BUILT_PRODUCTS_DIR; };
		CFAF386526DE65C0009B68E2 /* AppDelegate.swift */ = {isa = PBXFileReference; lastKnownFileType = sourcecode.swift; path = AppDelegate.swift; sourceTree = "<group>"; };
		CFAF386726DE65C0009B68E2 /* SceneDelegate.swift */ = {isa = PBXFileReference; lastKnownFileType = sourcecode.swift; path = SceneDelegate.swift; sourceTree = "<group>"; };
		CFAF386926DE65C0009B68E2 /* ViewController.swift */ = {isa = PBXFileReference; lastKnownFileType = sourcecode.swift; path = ViewController.swift; sourceTree = "<group>"; };
		CFAF386C26DE65C0009B68E2 /* Base */ = {isa = PBXFileReference; lastKnownFileType = file.storyboard; name = Base; path = Base.lproj/Main.storyboard; sourceTree = "<group>"; };
		CFAF386E26DE65C5009B68E2 /* Assets.xcassets */ = {isa = PBXFileReference; lastKnownFileType = folder.assetcatalog; path = Assets.xcassets; sourceTree = "<group>"; };
		CFAF387126DE65C5009B68E2 /* Base */ = {isa = PBXFileReference; lastKnownFileType = file.storyboard; name = Base; path = Base.lproj/LaunchScreen.storyboard; sourceTree = "<group>"; };
		CFAF387326DE65C5009B68E2 /* Info.plist */ = {isa = PBXFileReference; lastKnownFileType = text.plist.xml; path = Info.plist; sourceTree = "<group>"; };
		CFAF387826DE65C5009B68E2 /* ToDoAppTests.xctest */ = {isa = PBXFileReference; explicitFileType = wrapper.cfbundle; includeInIndex = 0; path = ToDoAppTests.xctest; sourceTree = BUILT_PRODUCTS_DIR; };
		CFAF387C26DE65C5009B68E2 /* ToDoAppTests.swift */ = {isa = PBXFileReference; lastKnownFileType = sourcecode.swift; path = ToDoAppTests.swift; sourceTree = "<group>"; };
		CFAF387E26DE65C5009B68E2 /* Info.plist */ = {isa = PBXFileReference; lastKnownFileType = text.plist.xml; path = Info.plist; sourceTree = "<group>"; };
		CFAF388326DE65C5009B68E2 /* ToDoAppUITests.xctest */ = {isa = PBXFileReference; explicitFileType = wrapper.cfbundle; includeInIndex = 0; path = ToDoAppUITests.xctest; sourceTree = BUILT_PRODUCTS_DIR; };
		CFAF388726DE65C5009B68E2 /* ToDoAppUITests.swift */ = {isa = PBXFileReference; lastKnownFileType = sourcecode.swift; path = ToDoAppUITests.swift; sourceTree = "<group>"; };
		CFAF388926DE65C5009B68E2 /* Info.plist */ = {isa = PBXFileReference; lastKnownFileType = text.plist.xml; path = Info.plist; sourceTree = "<group>"; };
		CFAF38A226DE67A4009B68E2 /* TaskTests.swift */ = {isa = PBXFileReference; lastKnownFileType = sourcecode.swift; path = TaskTests.swift; sourceTree = "<group>"; };
		CFAF38AB26DE6870009B68E2 /* Task.swift */ = {isa = PBXFileReference; lastKnownFileType = sourcecode.swift; path = Task.swift; sourceTree = "<group>"; };
		CFAF38B026DE6CC3009B68E2 /* Location.swift */ = {isa = PBXFileReference; lastKnownFileType = sourcecode.swift; path = Location.swift; sourceTree = "<group>"; };
		CFAF38B526DE6E15009B68E2 /* LocationTests.swift */ = {isa = PBXFileReference; lastKnownFileType = sourcecode.swift; path = LocationTests.swift; sourceTree = "<group>"; };
/* End PBXFileReference section */

/* Begin PBXFrameworksBuildPhase section */
		CFAF385F26DE65C0009B68E2 /* Frameworks */ = {
			isa = PBXFrameworksBuildPhase;
			buildActionMask = 2147483647;
			files = (
			);
			runOnlyForDeploymentPostprocessing = 0;
		};
		CFAF387526DE65C5009B68E2 /* Frameworks */ = {
			isa = PBXFrameworksBuildPhase;
			buildActionMask = 2147483647;
			files = (
			);
			runOnlyForDeploymentPostprocessing = 0;
		};
		CFAF388026DE65C5009B68E2 /* Frameworks */ = {
			isa = PBXFrameworksBuildPhase;
			buildActionMask = 2147483647;
			files = (
			);
			runOnlyForDeploymentPostprocessing = 0;
		};
/* End PBXFrameworksBuildPhase section */

/* Begin PBXGroup section */
		CFAF385926DE65C0009B68E2 = {
			isa = PBXGroup;
			children = (
				CFAF386426DE65C0009B68E2 /* ToDoApp */,
				CFAF387B26DE65C5009B68E2 /* ToDoAppTests */,
				CFAF388626DE65C5009B68E2 /* ToDoAppUITests */,
				CFAF386326DE65C0009B68E2 /* Products */,
			);
			sourceTree = "<group>";
		};
		CFAF386326DE65C0009B68E2 /* Products */ = {
			isa = PBXGroup;
			children = (
				CFAF386226DE65C0009B68E2 /* ToDoApp.app */,
				CFAF387826DE65C5009B68E2 /* ToDoAppTests.xctest */,
				CFAF388326DE65C5009B68E2 /* ToDoAppUITests.xctest */,
			);
			name = Products;
			sourceTree = "<group>";
		};
		CFAF386426DE65C0009B68E2 /* ToDoApp */ = {
			isa = PBXGroup;
			children = (
				CFAF389A26DE65F3009B68E2 /* Controller */,
				CFAF389926DE65EA009B68E2 /* View */,
				CFAF389826DE65E0009B68E2 /* Model */,
				CFAF389B26DE6640009B68E2 /* Supporting files */,
			);
			path = ToDoApp;
			sourceTree = "<group>";
		};
		CFAF387B26DE65C5009B68E2 /* ToDoAppTests */ = {
			isa = PBXGroup;
			children = (
				CFAF387C26DE65C5009B68E2 /* ToDoAppTests.swift */,
				CFAF387E26DE65C5009B68E2 /* Info.plist */,
				CFAF38A726DE67BC009B68E2 /* Model */,
			);
			path = ToDoAppTests;
			sourceTree = "<group>";
		};
		CFAF388626DE65C5009B68E2 /* ToDoAppUITests */ = {
			isa = PBXGroup;
			children = (
				CFAF388726DE65C5009B68E2 /* ToDoAppUITests.swift */,
				CFAF388926DE65C5009B68E2 /* Info.plist */,
			);
			path = ToDoAppUITests;
			sourceTree = "<group>";
		};
		CFAF389826DE65E0009B68E2 /* Model */ = {
			isa = PBXGroup;
			children = (
				CFAF38AB26DE6870009B68E2 /* Task.swift */,
				CFAF38B026DE6CC3009B68E2 /* Location.swift */,
			);
			path = Model;
			sourceTree = "<group>";
		};
		CFAF389926DE65EA009B68E2 /* View */ = {
			isa = PBXGroup;
			children = (
			);
			path = View;
			sourceTree = "<group>";
		};
		CFAF389A26DE65F3009B68E2 /* Controller */ = {
			isa = PBXGroup;
			children = (
				CFAF386926DE65C0009B68E2 /* ViewController.swift */,
			);
			path = Controller;
			sourceTree = "<group>";
		};
		CFAF389B26DE6640009B68E2 /* Supporting files */ = {
			isa = PBXGroup;
			children = (
				CFAF386526DE65C0009B68E2 /* AppDelegate.swift */,
				CFAF386726DE65C0009B68E2 /* SceneDelegate.swift */,
				CFAF386B26DE65C0009B68E2 /* Main.storyboard */,
				CFAF386E26DE65C5009B68E2 /* Assets.xcassets */,
				CFAF387026DE65C5009B68E2 /* LaunchScreen.storyboard */,
				CFAF387326DE65C5009B68E2 /* Info.plist */,
			);
			path = "Supporting files";
			sourceTree = "<group>";
		};
		CFAF38A726DE67BC009B68E2 /* Model */ = {
			isa = PBXGroup;
			children = (
				CFAF38A226DE67A4009B68E2 /* TaskTests.swift */,
				CFAF38B526DE6E15009B68E2 /* LocationTests.swift */,
			);
			path = Model;
			sourceTree = "<group>";
		};
/* End PBXGroup section */

/* Begin PBXNativeTarget section */
		CFAF386126DE65C0009B68E2 /* ToDoApp */ = {
			isa = PBXNativeTarget;
			buildConfigurationList = CFAF388C26DE65C5009B68E2 /* Build configuration list for PBXNativeTarget "ToDoApp" */;
			buildPhases = (
				CFAF385E26DE65C0009B68E2 /* Sources */,
				CFAF385F26DE65C0009B68E2 /* Frameworks */,
				CFAF386026DE65C0009B68E2 /* Resources */,
			);
			buildRules = (
			);
			dependencies = (
			);
			name = ToDoApp;
			productName = ToDoApp;
			productReference = CFAF386226DE65C0009B68E2 /* ToDoApp.app */;
			productType = "com.apple.product-type.application";
		};
		CFAF387726DE65C5009B68E2 /* ToDoAppTests */ = {
			isa = PBXNativeTarget;
			buildConfigurationList = CFAF388F26DE65C5009B68E2 /* Build configuration list for PBXNativeTarget "ToDoAppTests" */;
			buildPhases = (
				CFAF387426DE65C5009B68E2 /* Sources */,
				CFAF387526DE65C5009B68E2 /* Frameworks */,
				CFAF387626DE65C5009B68E2 /* Resources */,
			);
			buildRules = (
			);
			dependencies = (
				CFAF387A26DE65C5009B68E2 /* PBXTargetDependency */,
			);
			name = ToDoAppTests;
			productName = ToDoAppTests;
			productReference = CFAF387826DE65C5009B68E2 /* ToDoAppTests.xctest */;
			productType = "com.apple.product-type.bundle.unit-test";
		};
		CFAF388226DE65C5009B68E2 /* ToDoAppUITests */ = {
			isa = PBXNativeTarget;
			buildConfigurationList = CFAF389226DE65C5009B68E2 /* Build configuration list for PBXNativeTarget "ToDoAppUITests" */;
			buildPhases = (
				CFAF387F26DE65C5009B68E2 /* Sources */,
				CFAF388026DE65C5009B68E2 /* Frameworks */,
				CFAF388126DE65C5009B68E2 /* Resources */,
			);
			buildRules = (
			);
			dependencies = (
				CFAF388526DE65C5009B68E2 /* PBXTargetDependency */,
			);
			name = ToDoAppUITests;
			productName = ToDoAppUITests;
			productReference = CFAF388326DE65C5009B68E2 /* ToDoAppUITests.xctest */;
			productType = "com.apple.product-type.bundle.ui-testing";
		};
/* End PBXNativeTarget section */

/* Begin PBXProject section */
		CFAF385A26DE65C0009B68E2 /* Project object */ = {
			isa = PBXProject;
			attributes = {
				LastSwiftUpdateCheck = 1240;
				LastUpgradeCheck = 1240;
				TargetAttributes = {
					CFAF386126DE65C0009B68E2 = {
						CreatedOnToolsVersion = 12.4;
					};
					CFAF387726DE65C5009B68E2 = {
						CreatedOnToolsVersion = 12.4;
						TestTargetID = CFAF386126DE65C0009B68E2;
					};
					CFAF388226DE65C5009B68E2 = {
						CreatedOnToolsVersion = 12.4;
						TestTargetID = CFAF386126DE65C0009B68E2;
					};
				};
			};
			buildConfigurationList = CFAF385D26DE65C0009B68E2 /* Build configuration list for PBXProject "ToDoApp" */;
			compatibilityVersion = "Xcode 9.3";
			developmentRegion = en;
			hasScannedForEncodings = 0;
			knownRegions = (
				en,
				Base,
			);
			mainGroup = CFAF385926DE65C0009B68E2;
			productRefGroup = CFAF386326DE65C0009B68E2 /* Products */;
			projectDirPath = "";
			projectRoot = "";
			targets = (
				CFAF386126DE65C0009B68E2 /* ToDoApp */,
				CFAF387726DE65C5009B68E2 /* ToDoAppTests */,
				CFAF388226DE65C5009B68E2 /* ToDoAppUITests */,
			);
		};
/* End PBXProject section */

/* Begin PBXResourcesBuildPhase section */
		CFAF386026DE65C0009B68E2 /* Resources */ = {
			isa = PBXResourcesBuildPhase;
			buildActionMask = 2147483647;
			files = (
				CFAF387226DE65C5009B68E2 /* LaunchScreen.storyboard in Resources */,
				CFAF386F26DE65C5009B68E2 /* Assets.xcassets in Resources */,
				CFAF386D26DE65C0009B68E2 /* Main.storyboard in Resources */,
			);
			runOnlyForDeploymentPostprocessing = 0;
		};
		CFAF387626DE65C5009B68E2 /* Resources */ = {
			isa = PBXResourcesBuildPhase;
			buildActionMask = 2147483647;
			files = (
			);
			runOnlyForDeploymentPostprocessing = 0;
		};
		CFAF388126DE65C5009B68E2 /* Resources */ = {
			isa = PBXResourcesBuildPhase;
			buildActionMask = 2147483647;
			files = (
			);
			runOnlyForDeploymentPostprocessing = 0;
		};
/* End PBXResourcesBuildPhase section */

/* Begin PBXSourcesBuildPhase section */
		CFAF385E26DE65C0009B68E2 /* Sources */ = {
			isa = PBXSourcesBuildPhase;
			buildActionMask = 2147483647;
			files = (
				CFAF38AC26DE6870009B68E2 /* Task.swift in Sources */,
				CFAF386A26DE65C0009B68E2 /* ViewController.swift in Sources */,
				CFAF38B126DE6CC3009B68E2 /* Location.swift in Sources */,
				CFAF386626DE65C0009B68E2 /* AppDelegate.swift in Sources */,
				CFAF386826DE65C0009B68E2 /* SceneDelegate.swift in Sources */,
			);
			runOnlyForDeploymentPostprocessing = 0;
		};
		CFAF387426DE65C5009B68E2 /* Sources */ = {
			isa = PBXSourcesBuildPhase;
			buildActionMask = 2147483647;
			files = (
				CFAF38A326DE67A4009B68E2 /* TaskTests.swift in Sources */,
				CFAF38B626DE6E15009B68E2 /* LocationTests.swift in Sources */,
				CFAF387D26DE65C5009B68E2 /* ToDoAppTests.swift in Sources */,
			);
			runOnlyForDeploymentPostprocessing = 0;
		};
		CFAF387F26DE65C5009B68E2 /* Sources */ = {
			isa = PBXSourcesBuildPhase;
			buildActionMask = 2147483647;
			files = (
				CFAF388826DE65C5009B68E2 /* ToDoAppUITests.swift in Sources */,
			);
			runOnlyForDeploymentPostprocessing = 0;
		};
/* End PBXSourcesBuildPhase section */

/* Begin PBXTargetDependency section */
		CFAF387A26DE65C5009B68E2 /* PBXTargetDependency */ = {
			isa = PBXTargetDependency;
			target = CFAF386126DE65C0009B68E2 /* ToDoApp */;
			targetProxy = CFAF387926DE65C5009B68E2 /* PBXContainerItemProxy */;
		};
		CFAF388526DE65C5009B68E2 /* PBXTargetDependency */ = {
			isa = PBXTargetDependency;
			target = CFAF386126DE65C0009B68E2 /* ToDoApp */;
			targetProxy = CFAF388426DE65C5009B68E2 /* PBXContainerItemProxy */;
		};
/* End PBXTargetDependency section */

/* Begin PBXVariantGroup section */
		CFAF386B26DE65C0009B68E2 /* Main.storyboard */ = {
			isa = PBXVariantGroup;
			children = (
				CFAF386C26DE65C0009B68E2 /* Base */,
			);
			name = Main.storyboard;
			sourceTree = "<group>";
		};
		CFAF387026DE65C5009B68E2 /* LaunchScreen.storyboard */ = {
			isa = PBXVariantGroup;
			children = (
				CFAF387126DE65C5009B68E2 /* Base */,
			);
			name = LaunchScreen.storyboard;
			sourceTree = "<group>";
		};
/* End PBXVariantGroup section */

/* Begin XCBuildConfiguration section */
		CFAF388A26DE65C5009B68E2 /* Debug */ = {
			isa = XCBuildConfiguration;
			buildSettings = {
				ALWAYS_SEARCH_USER_PATHS = NO;
				CLANG_ANALYZER_NONNULL = YES;
				CLANG_ANALYZER_NUMBER_OBJECT_CONVERSION = YES_AGGRESSIVE;
				CLANG_CXX_LANGUAGE_STANDARD = "gnu++14";
				CLANG_CXX_LIBRARY = "libc++";
				CLANG_ENABLE_MODULES = YES;
				CLANG_ENABLE_OBJC_ARC = YES;
				CLANG_ENABLE_OBJC_WEAK = YES;
				CLANG_WARN_BLOCK_CAPTURE_AUTORELEASING = YES;
				CLANG_WARN_BOOL_CONVERSION = YES;
				CLANG_WARN_COMMA = YES;
				CLANG_WARN_CONSTANT_CONVERSION = YES;
				CLANG_WARN_DEPRECATED_OBJC_IMPLEMENTATIONS = YES;
				CLANG_WARN_DIRECT_OBJC_ISA_USAGE = YES_ERROR;
				CLANG_WARN_DOCUMENTATION_COMMENTS = YES;
				CLANG_WARN_EMPTY_BODY = YES;
				CLANG_WARN_ENUM_CONVERSION = YES;
				CLANG_WARN_INFINITE_RECURSION = YES;
				CLANG_WARN_INT_CONVERSION = YES;
				CLANG_WARN_NON_LITERAL_NULL_CONVERSION = YES;
				CLANG_WARN_OBJC_IMPLICIT_RETAIN_SELF = YES;
				CLANG_WARN_OBJC_LITERAL_CONVERSION = YES;
				CLANG_WARN_OBJC_ROOT_CLASS = YES_ERROR;
				CLANG_WARN_QUOTED_INCLUDE_IN_FRAMEWORK_HEADER = YES;
				CLANG_WARN_RANGE_LOOP_ANALYSIS = YES;
				CLANG_WARN_STRICT_PROTOTYPES = YES;
				CLANG_WARN_SUSPICIOUS_MOVE = YES;
				CLANG_WARN_UNGUARDED_AVAILABILITY = YES_AGGRESSIVE;
				CLANG_WARN_UNREACHABLE_CODE = YES;
				CLANG_WARN__DUPLICATE_METHOD_MATCH = YES;
				COPY_PHASE_STRIP = NO;
				DEBUG_INFORMATION_FORMAT = dwarf;
				ENABLE_STRICT_OBJC_MSGSEND = YES;
				ENABLE_TESTABILITY = YES;
				GCC_C_LANGUAGE_STANDARD = gnu11;
				GCC_DYNAMIC_NO_PIC = NO;
				GCC_NO_COMMON_BLOCKS = YES;
				GCC_OPTIMIZATION_LEVEL = 0;
				GCC_PREPROCESSOR_DEFINITIONS = (
					"DEBUG=1",
					"$(inherited)",
				);
				GCC_WARN_64_TO_32_BIT_CONVERSION = YES;
				GCC_WARN_ABOUT_RETURN_TYPE = YES_ERROR;
				GCC_WARN_UNDECLARED_SELECTOR = YES;
				GCC_WARN_UNINITIALIZED_AUTOS = YES_AGGRESSIVE;
				GCC_WARN_UNUSED_FUNCTION = YES;
				GCC_WARN_UNUSED_VARIABLE = YES;
				IPHONEOS_DEPLOYMENT_TARGET = 14.4;
				MTL_ENABLE_DEBUG_INFO = INCLUDE_SOURCE;
				MTL_FAST_MATH = YES;
				ONLY_ACTIVE_ARCH = YES;
				SDKROOT = iphoneos;
				SWIFT_ACTIVE_COMPILATION_CONDITIONS = DEBUG;
				SWIFT_OPTIMIZATION_LEVEL = "-Onone";
			};
			name = Debug;
		};
		CFAF388B26DE65C5009B68E2 /* Release */ = {
			isa = XCBuildConfiguration;
			buildSettings = {
				ALWAYS_SEARCH_USER_PATHS = NO;
				CLANG_ANALYZER_NONNULL = YES;
				CLANG_ANALYZER_NUMBER_OBJECT_CONVERSION = YES_AGGRESSIVE;
				CLANG_CXX_LANGUAGE_STANDARD = "gnu++14";
				CLANG_CXX_LIBRARY = "libc++";
				CLANG_ENABLE_MODULES = YES;
				CLANG_ENABLE_OBJC_ARC = YES;
				CLANG_ENABLE_OBJC_WEAK = YES;
				CLANG_WARN_BLOCK_CAPTURE_AUTORELEASING = YES;
				CLANG_WARN_BOOL_CONVERSION = YES;
				CLANG_WARN_COMMA = YES;
				CLANG_WARN_CONSTANT_CONVERSION = YES;
				CLANG_WARN_DEPRECATED_OBJC_IMPLEMENTATIONS = YES;
				CLANG_WARN_DIRECT_OBJC_ISA_USAGE = YES_ERROR;
				CLANG_WARN_DOCUMENTATION_COMMENTS = YES;
				CLANG_WARN_EMPTY_BODY = YES;
				CLANG_WARN_ENUM_CONVERSION = YES;
				CLANG_WARN_INFINITE_RECURSION = YES;
				CLANG_WARN_INT_CONVERSION = YES;
				CLANG_WARN_NON_LITERAL_NULL_CONVERSION = YES;
				CLANG_WARN_OBJC_IMPLICIT_RETAIN_SELF = YES;
				CLANG_WARN_OBJC_LITERAL_CONVERSION = YES;
				CLANG_WARN_OBJC_ROOT_CLASS = YES_ERROR;
				CLANG_WARN_QUOTED_INCLUDE_IN_FRAMEWORK_HEADER = YES;
				CLANG_WARN_RANGE_LOOP_ANALYSIS = YES;
				CLANG_WARN_STRICT_PROTOTYPES = YES;
				CLANG_WARN_SUSPICIOUS_MOVE = YES;
				CLANG_WARN_UNGUARDED_AVAILABILITY = YES_AGGRESSIVE;
				CLANG_WARN_UNREACHABLE_CODE = YES;
				CLANG_WARN__DUPLICATE_METHOD_MATCH = YES;
				COPY_PHASE_STRIP = NO;
				DEBUG_INFORMATION_FORMAT = "dwarf-with-dsym";
				ENABLE_NS_ASSERTIONS = NO;
				ENABLE_STRICT_OBJC_MSGSEND = YES;
				GCC_C_LANGUAGE_STANDARD = gnu11;
				GCC_NO_COMMON_BLOCKS = YES;
				GCC_WARN_64_TO_32_BIT_CONVERSION = YES;
				GCC_WARN_ABOUT_RETURN_TYPE = YES_ERROR;
				GCC_WARN_UNDECLARED_SELECTOR = YES;
				GCC_WARN_UNINITIALIZED_AUTOS = YES_AGGRESSIVE;
				GCC_WARN_UNUSED_FUNCTION = YES;
				GCC_WARN_UNUSED_VARIABLE = YES;
				IPHONEOS_DEPLOYMENT_TARGET = 14.4;
				MTL_ENABLE_DEBUG_INFO = NO;
				MTL_FAST_MATH = YES;
				SDKROOT = iphoneos;
				SWIFT_COMPILATION_MODE = wholemodule;
				SWIFT_OPTIMIZATION_LEVEL = "-O";
				VALIDATE_PRODUCT = YES;
			};
			name = Release;
		};
		CFAF388D26DE65C5009B68E2 /* Debug */ = {
			isa = XCBuildConfiguration;
			buildSettings = {
				ASSETCATALOG_COMPILER_APPICON_NAME = AppIcon;
				ASSETCATALOG_COMPILER_GLOBAL_ACCENT_COLOR_NAME = AccentColor;
				CODE_SIGN_STYLE = Automatic;
				DEVELOPMENT_TEAM = 59U3Y8MDY6;
				INFOPLIST_FILE = "$(SRCROOT)/ToDoApp/Supporting files/Info.plist";
				LD_RUNPATH_SEARCH_PATHS = (
					"$(inherited)",
					"@executable_path/Frameworks",
				);
				PRODUCT_BUNDLE_IDENTIFIER = QV.ToDoApp;
				PRODUCT_NAME = "$(TARGET_NAME)";
				SWIFT_VERSION = 5.0;
				TARGETED_DEVICE_FAMILY = "1,2";
			};
			name = Debug;
		};
		CFAF388E26DE65C5009B68E2 /* Release */ = {
			isa = XCBuildConfiguration;
			buildSettings = {
				ASSETCATALOG_COMPILER_APPICON_NAME = AppIcon;
				ASSETCATALOG_COMPILER_GLOBAL_ACCENT_COLOR_NAME = AccentColor;
				CODE_SIGN_STYLE = Automatic;
				DEVELOPMENT_TEAM = 59U3Y8MDY6;
				INFOPLIST_FILE = "$(SRCROOT)/ToDoApp/Supporting files/Info.plist";
				LD_RUNPATH_SEARCH_PATHS = (
					"$(inherited)",
					"@executable_path/Frameworks",
				);
				PRODUCT_BUNDLE_IDENTIFIER = QV.ToDoApp;
				PRODUCT_NAME = "$(TARGET_NAME)";
				SWIFT_VERSION = 5.0;
				TARGETED_DEVICE_FAMILY = "1,2";
			};
			name = Release;
		};
		CFAF389026DE65C5009B68E2 /* Debug */ = {
			isa = XCBuildConfiguration;
			buildSettings = {
				ALWAYS_EMBED_SWIFT_STANDARD_LIBRARIES = YES;
				BUNDLE_LOADER = "$(TEST_HOST)";
				CODE_SIGN_STYLE = Automatic;
				DEVELOPMENT_TEAM = 59U3Y8MDY6;
				INFOPLIST_FILE = ToDoAppTests/Info.plist;
				IPHONEOS_DEPLOYMENT_TARGET = 14.4;
				LD_RUNPATH_SEARCH_PATHS = (
					"$(inherited)",
					"@executable_path/Frameworks",
					"@loader_path/Frameworks",
				);
				PRODUCT_BUNDLE_IDENTIFIER = QV.ToDoAppTests;
				PRODUCT_NAME = "$(TARGET_NAME)";
				SWIFT_VERSION = 5.0;
				TARGETED_DEVICE_FAMILY = "1,2";
				TEST_HOST = "$(BUILT_PRODUCTS_DIR)/ToDoApp.app/ToDoApp";
			};
			name = Debug;
		};
		CFAF389126DE65C5009B68E2 /* Release */ = {
			isa = XCBuildConfiguration;
			buildSettings = {
				ALWAYS_EMBED_SWIFT_STANDARD_LIBRARIES = YES;
				BUNDLE_LOADER = "$(TEST_HOST)";
				CODE_SIGN_STYLE = Automatic;
				DEVELOPMENT_TEAM = 59U3Y8MDY6;
				INFOPLIST_FILE = ToDoAppTests/Info.plist;
				IPHONEOS_DEPLOYMENT_TARGET = 14.4;
				LD_RUNPATH_SEARCH_PATHS = (
					"$(inherited)",
					"@executable_path/Frameworks",
					"@loader_path/Frameworks",
				);
				PRODUCT_BUNDLE_IDENTIFIER = QV.ToDoAppTests;
				PRODUCT_NAME = "$(TARGET_NAME)";
				SWIFT_VERSION = 5.0;
				TARGETED_DEVICE_FAMILY = "1,2";
				TEST_HOST = "$(BUILT_PRODUCTS_DIR)/ToDoApp.app/ToDoApp";
			};
			name = Release;
		};
		CFAF389326DE65C5009B68E2 /* Debug */ = {
			isa = XCBuildConfiguration;
			buildSettings = {
				ALWAYS_EMBED_SWIFT_STANDARD_LIBRARIES = YES;
				CODE_SIGN_STYLE = Automatic;
				DEVELOPMENT_TEAM = 59U3Y8MDY6;
				INFOPLIST_FILE = ToDoAppUITests/Info.plist;
				LD_RUNPATH_SEARCH_PATHS = (
					"$(inherited)",
					"@executable_path/Frameworks",
					"@loader_path/Frameworks",
				);
				PRODUCT_BUNDLE_IDENTIFIER = QV.ToDoAppUITests;
				PRODUCT_NAME = "$(TARGET_NAME)";
				SWIFT_VERSION = 5.0;
				TARGETED_DEVICE_FAMILY = "1,2";
				TEST_TARGET_NAME = ToDoApp;
			};
			name = Debug;
		};
		CFAF389426DE65C5009B68E2 /* Release */ = {
			isa = XCBuildConfiguration;
			buildSettings = {
				ALWAYS_EMBED_SWIFT_STANDARD_LIBRARIES = YES;
				CODE_SIGN_STYLE = Automatic;
				DEVELOPMENT_TEAM = 59U3Y8MDY6;
				INFOPLIST_FILE = ToDoAppUITests/Info.plist;
				LD_RUNPATH_SEARCH_PATHS = (
					"$(inherited)",
					"@executable_path/Frameworks",
					"@loader_path/Frameworks",
				);
				PRODUCT_BUNDLE_IDENTIFIER = QV.ToDoAppUITests;
				PRODUCT_NAME = "$(TARGET_NAME)";
				SWIFT_VERSION = 5.0;
				TARGETED_DEVICE_FAMILY = "1,2";
				TEST_TARGET_NAME = ToDoApp;
			};
			name = Release;
		};
/* End XCBuildConfiguration section */

/* Begin XCConfigurationList section */
		CFAF385D26DE65C0009B68E2 /* Build configuration list for PBXProject "ToDoApp" */ = {
			isa = XCConfigurationList;
			buildConfigurations = (
				CFAF388A26DE65C5009B68E2 /* Debug */,
				CFAF388B26DE65C5009B68E2 /* Release */,
			);
			defaultConfigurationIsVisible = 0;
			defaultConfigurationName = Release;
		};
		CFAF388C26DE65C5009B68E2 /* Build configuration list for PBXNativeTarget "ToDoApp" */ = {
			isa = XCConfigurationList;
			buildConfigurations = (
				CFAF388D26DE65C5009B68E2 /* Debug */,
				CFAF388E26DE65C5009B68E2 /* Release */,
			);
			defaultConfigurationIsVisible = 0;
			defaultConfigurationName = Release;
		};
		CFAF388F26DE65C5009B68E2 /* Build configuration list for PBXNativeTarget "ToDoAppTests" */ = {
			isa = XCConfigurationList;
			buildConfigurations = (
				CFAF389026DE65C5009B68E2 /* Debug */,
				CFAF389126DE65C5009B68E2 /* Release */,
			);
			defaultConfigurationIsVisible = 0;
			defaultConfigurationName = Release;
		};
		CFAF389226DE65C5009B68E2 /* Build configuration list for PBXNativeTarget "ToDoAppUITests" */ = {
			isa = XCConfigurationList;
			buildConfigurations = (
				CFAF389326DE65C5009B68E2 /* Debug */,
				CFAF389426DE65C5009B68E2 /* Release */,
			);
			defaultConfigurationIsVisible = 0;
			defaultConfigurationName = Release;
		};
/* End XCConfigurationList section */
	};
	rootObject = CFAF385A26DE65C0009B68E2 /* Project object */;
}
